
Microsoft Visual Studio Solution File, Format Version 12.00
# Visual Studio Version 17
VisualStudioVersion = 17.13.35828.75
MinimumVisualStudioVersion = 10.0.40219.1
Project("{FAE04EC0-301F-11D3-BF4B-00C04F79EFBC}") = "Domain", "Domain\Domain.csproj", "{64445B2B-DCF3-4F21-B89B-599827937AE7}"
EndProject
Project("{FAE04EC0-301F-11D3-BF4B-00C04F79EFBC}") = "Application", "Application\Application.csproj", "{F72D48D0-B3AA-4FA6-AE76-F9B0DAA17A8C}"
EndProject
Project("{FAE04EC0-301F-11D3-BF4B-00C04F79EFBC}") = "Infrastructure", "Infrastructure\Infrastructure.csproj", "{35FBB62B-F21E-423E-8875-AE94E05AD756}"
EndProject
Project("{FAE04EC0-301F-11D3-BF4B-00C04F79EFBC}") = "Presentation", "Presentation\Presentation.csproj", "{EB2186B9-9AE0-4C81-906F-1888DD14325D}"
EndProject
Project("{FAE04EC0-301F-11D3-BF4B-00C04F79EFBC}") = "University.API", "University.API\University.API.csproj", "{A7EC084B-A3A7-4C2C-BB7B-C91E63B2F66E}"
EndProject
Global
	GlobalSection(SolutionConfigurationPlatforms) = preSolution
		Debug|Any CPU = Debug|Any CPU
		Release|Any CPU = Release|Any CPU
	EndGlobalSection
	GlobalSection(ProjectConfigurationPlatforms) = postSolution
		{64445B2B-DCF3-4F21-B89B-599827937AE7}.Debug|Any CPU.ActiveCfg = Debug|Any CPU
		{64445B2B-DCF3-4F21-B89B-599827937AE7}.Debug|Any CPU.Build.0 = Debug|Any CPU
		{64445B2B-DCF3-4F21-B89B-599827937AE7}.Release|Any CPU.ActiveCfg = Release|Any CPU
		{64445B2B-DCF3-4F21-B89B-599827937AE7}.Release|Any CPU.Build.0 = Release|Any CPU
		{F72D48D0-B3AA-4FA6-AE76-F9B0DAA17A8C}.Debug|Any CPU.ActiveCfg = Debug|Any CPU
		{F72D48D0-B3AA-4FA6-AE76-F9B0DAA17A8C}.Debug|Any CPU.Build.0 = Debug|Any CPU
		{F72D48D0-B3AA-4FA6-AE76-F9B0DAA17A8C}.Release|Any CPU.ActiveCfg = Release|Any CPU
		{F72D48D0-B3AA-4FA6-AE76-F9B0DAA17A8C}.Release|Any CPU.Build.0 = Release|Any CPU
		{35FBB62B-F21E-423E-8875-AE94E05AD756}.Debug|Any CPU.ActiveCfg = Debug|Any CPU
		{35FBB62B-F21E-423E-8875-AE94E05AD756}.Debug|Any CPU.Build.0 = Debug|Any CPU
		{35FBB62B-F21E-423E-8875-AE94E05AD756}.Release|Any CPU.ActiveCfg = Release|Any CPU
		{35FBB62B-F21E-423E-8875-AE94E05AD756}.Release|Any CPU.Build.0 = Release|Any CPU
		{EB2186B9-9AE0-4C81-906F-1888DD14325D}.Debug|Any CPU.ActiveCfg = Debug|Any CPU
		{EB2186B9-9AE0-4C81-906F-1888DD14325D}.Debug|Any CPU.Build.0 = Debug|Any CPU
		{EB2186B9-9AE0-4C81-906F-1888DD14325D}.Release|Any CPU.ActiveCfg = Release|Any CPU
		{EB2186B9-9AE0-4C81-906F-1888DD14325D}.Release|Any CPU.Build.0 = Release|Any CPU
		{A7EC084B-A3A7-4C2C-BB7B-C91E63B2F66E}.Debug|Any CPU.ActiveCfg = Debug|Any CPU
		{A7EC084B-A3A7-4C2C-BB7B-C91E63B2F66E}.Debug|Any CPU.Build.0 = Debug|Any CPU
		{A7EC084B-A3A7-4C2C-BB7B-C91E63B2F66E}.Release|Any CPU.ActiveCfg = Release|Any CPU
		{A7EC084B-A3A7-4C2C-BB7B-C91E63B2F66E}.Release|Any CPU.Build.0 = Release|Any CPU
	EndGlobalSection
	GlobalSection(SolutionProperties) = preSolution
		HideSolutionNode = FALSE
	EndGlobalSection
	GlobalSection(ExtensibilityGlobals) = postSolution
		SolutionGuid = {CAF65D02-BC40-46F0-8A05-F30EAD81B67C}
	EndGlobalSection
EndGlobal
